
Microsoft Visual Studio Solution File, Format Version 12.00
# Visual Studio Version 17
VisualStudioVersion = 17.8.34316.72
MinimumVisualStudioVersion = 10.0.40219.1
Project("{9A19103F-16F7-4668-BE54-9A1E7A4F7556}") = "ePizzaHub.Core", "ePizzaHub.Core\ePizzaHub.Core.csproj", "{2B75378A-92C0-44E5-8D60-BEC00C58544A}"
EndProject
Project("{9A19103F-16F7-4668-BE54-9A1E7A4F7556}") = "ePizzaHub.Models", "ePizzaHub.Model\ePizzaHub.Models.csproj", "{7DBA4E1F-0810-4D26-8F5B-976BCE69CA19}"
EndProject
Project("{9A19103F-16F7-4668-BE54-9A1E7A4F7556}") = "ePizzaHub.Repositories", "ePizzaHub.Repositories\ePizzaHub.Repositories.csproj", "{9BCBD8A2-7575-4FB3-92B7-F496D974BCD7}"
EndProject
Project("{9A19103F-16F7-4668-BE54-9A1E7A4F7556}") = "ePizzaHub.Services", "ePizzaHub.Services\ePizzaHub.Services.csproj", "{58C2A200-15C0-4FB9-A6C6-AE8AA0D076F7}"
EndProject
Project("{9A19103F-16F7-4668-BE54-9A1E7A4F7556}") = "ePizzaHub.UI", "ePizzaHub.UI\ePizzaHub.UI.csproj", "{B7E377E1-5C19-45D4-BB74-AF353029BE7E}"
EndProject
Global
	GlobalSection(SolutionConfigurationPlatforms) = preSolution
		Debug|Any CPU = Debug|Any CPU
		Release|Any CPU = Release|Any CPU
	EndGlobalSection
	GlobalSection(ProjectConfigurationPlatforms) = postSolution
		{2B75378A-92C0-44E5-8D60-BEC00C58544A}.Debug|Any CPU.ActiveCfg = Debug|Any CPU
		{2B75378A-92C0-44E5-8D60-BEC00C58544A}.Debug|Any CPU.Build.0 = Debug|Any CPU
		{2B75378A-92C0-44E5-8D60-BEC00C58544A}.Release|Any CPU.ActiveCfg = Release|Any CPU
		{2B75378A-92C0-44E5-8D60-BEC00C58544A}.Release|Any CPU.Build.0 = Release|Any CPU
		{7DBA4E1F-0810-4D26-8F5B-976BCE69CA19}.Debug|Any CPU.ActiveCfg = Debug|Any CPU
		{7DBA4E1F-0810-4D26-8F5B-976BCE69CA19}.Debug|Any CPU.Build.0 = Debug|Any CPU
		{7DBA4E1F-0810-4D26-8F5B-976BCE69CA19}.Release|Any CPU.ActiveCfg = Release|Any CPU
		{7DBA4E1F-0810-4D26-8F5B-976BCE69CA19}.Release|Any CPU.Build.0 = Release|Any CPU
		{9BCBD8A2-7575-4FB3-92B7-F496D974BCD7}.Debug|Any CPU.ActiveCfg = Debug|Any CPU
		{9BCBD8A2-7575-4FB3-92B7-F496D974BCD7}.Debug|Any CPU.Build.0 = Debug|Any CPU
		{9BCBD8A2-7575-4FB3-92B7-F496D974BCD7}.Release|Any CPU.ActiveCfg = Release|Any CPU
		{9BCBD8A2-7575-4FB3-92B7-F496D974BCD7}.Release|Any CPU.Build.0 = Release|Any CPU
		{58C2A200-15C0-4FB9-A6C6-AE8AA0D076F7}.Debug|Any CPU.ActiveCfg = Debug|Any CPU
		{58C2A200-15C0-4FB9-A6C6-AE8AA0D076F7}.Debug|Any CPU.Build.0 = Debug|Any CPU
		{58C2A200-15C0-4FB9-A6C6-AE8AA0D076F7}.Release|Any CPU.ActiveCfg = Release|Any CPU
		{58C2A200-15C0-4FB9-A6C6-AE8AA0D076F7}.Release|Any CPU.Build.0 = Release|Any CPU
		{B7E377E1-5C19-45D4-BB74-AF353029BE7E}.Debug|Any CPU.ActiveCfg = Debug|Any CPU
		{B7E377E1-5C19-45D4-BB74-AF353029BE7E}.Debug|Any CPU.Build.0 = Debug|Any CPU
		{B7E377E1-5C19-45D4-BB74-AF353029BE7E}.Release|Any CPU.ActiveCfg = Release|Any CPU
		{B7E377E1-5C19-45D4-BB74-AF353029BE7E}.Release|Any CPU.Build.0 = Release|Any CPU
	EndGlobalSection
	GlobalSection(SolutionProperties) = preSolution
		HideSolutionNode = FALSE
	EndGlobalSection
	GlobalSection(ExtensibilityGlobals) = postSolution
		SolutionGuid = {49640E62-13B6-4F0F-8A15-6E7BAD3D0250}
	EndGlobalSection
EndGlobal
